{
  "schema": 1,
  "runtime_manifest_sha256": "caf75384820179bc4b6fe2ac26e7454da32c5f8363471835d990c620a2d95618",
  "asset_count": 47,
  "master_black_sha256": "173d086d919d0a0b5c0c3100a060dc1929a918f9c1f8e4328424cb2e5e817b38",
  "master_ivory_sha256": "9f99da776c8f081abd512bae269c79e47524c011cde190a56c2172ec9957effb",
  "note": "v1.0.87: visual-checked centred 56-frame Ivory knob derivative; immutable original full-panel Masters unchanged."
}
