{
  "schema": 1,
  "runtime_manifest_sha256": "f85e2bc653109d8e5ff93ddadb1f6fcaa74a21c3785df4a9ed69442c000436c8",
  "asset_count": 46,
  "master_black_sha256": "173d086d919d0a0b5c0c3100a060dc1929a918f9c1f8e4328424cb2e5e817b38",
  "master_ivory_sha256": "9f99da776c8f081abd512bae269c79e47524c011cde190a56c2172ec9957effb",
  "note": "Created only after byte-exact validation; does not generate visual assets."
}
